
Microsoft Visual Studio Solution File, Format Version 12.00
# Visual Studio 15
Project("{FAE04EC0-301F-11D3-BF4B-00C04F79EFBC}") = "FARegistryAPI", "FARegistryAPI\FARegistryAPI.csproj", "{0784491B-A64D-4BD4-9717-B74DEDC22817}"
EndProject
Global
	GlobalSection(SolutionConfigurationPlatforms) = preSolution
		Debug|Any CPU = Debug|Any CPU
		Release|Any CPU = Release|Any CPU
	EndGlobalSection
	GlobalSection(ProjectConfigurationPlatforms) = postSolution
		{0784491B-A64D-4BD4-9717-B74DEDC22817}.Debug|Any CPU.ActiveCfg = Debug|Any CPU
		{0784491B-A64D-4BD4-9717-B74DEDC22817}.Debug|Any CPU.Build.0 = Debug|Any CPU
		{0784491B-A64D-4BD4-9717-B74DEDC22817}.Release|Any CPU.ActiveCfg = Release|Any CPU
		{0784491B-A64D-4BD4-9717-B74DEDC22817}.Release|Any CPU.Build.0 = Release|Any CPU
	EndGlobalSection
EndGlobal
